
Microsoft Visual Studio Solution File, Format Version 12.00
# Visual Studio Version 16
VisualStudioVersion = 16.0.34301.259
MinimumVisualStudioVersion = 10.0.40219.1
Project("{8BC9CEB8-8B4A-11D0-8D11-00A0C91BC942}") = "HelloWorld", "HelloWorld\HelloWorld.vcxproj", "{A036F012-3B43-44A2-8ECE-FB8656CA976A}"
EndProject
Project("{8BC9CEB8-8B4A-11D0-8D11-00A0C91BC942}") = "HelloWorldEnclave", "HelloWorldEnclave\HelloWorldEnclave.vcxproj", "{7DD0D253-365A-4FED-B38C-E822A939C7D1}"
EndProject
Global
	GlobalSection(SolutionConfigurationPlatforms) = preSolution
		CVE-2020-0551-CF-Prerelease|x64 = CVE-2020-0551-CF-Prerelease|x64
		CVE-2020-0551-CF-Prerelease|x86 = CVE-2020-0551-CF-Prerelease|x86
		CVE-2020-0551-CF-Release|x64 = CVE-2020-0551-CF-Release|x64
		CVE-2020-0551-CF-Release|x86 = CVE-2020-0551-CF-Release|x86
		CVE-2020-0551-Load-Prerelease|x64 = CVE-2020-0551-Load-Prerelease|x64
		CVE-2020-0551-Load-Prerelease|x86 = CVE-2020-0551-Load-Prerelease|x86
		CVE-2020-0551-Load-Release|x64 = CVE-2020-0551-Load-Release|x64
		CVE-2020-0551-Load-Release|x86 = CVE-2020-0551-Load-Release|x86
		Debug|x64 = Debug|x64
		Debug|x86 = Debug|x86
		Prerelease|x64 = Prerelease|x64
		Prerelease|x86 = Prerelease|x86
		Release|x64 = Release|x64
		Release|x86 = Release|x86
		Simulation|x64 = Simulation|x64
		Simulation|x86 = Simulation|x86
	EndGlobalSection
	GlobalSection(ProjectConfigurationPlatforms) = postSolution
		{A036F012-3B43-44A2-8ECE-FB8656CA976A}.CVE-2020-0551-CF-Prerelease|x64.ActiveCfg = Debug|x64
		{A036F012-3B43-44A2-8ECE-FB8656CA976A}.CVE-2020-0551-CF-Prerelease|x64.Build.0 = Debug|x64
		{A036F012-3B43-44A2-8ECE-FB8656CA976A}.CVE-2020-0551-CF-Prerelease|x86.ActiveCfg = Debug|Win32
		{A036F012-3B43-44A2-8ECE-FB8656CA976A}.CVE-2020-0551-CF-Prerelease|x86.Build.0 = Debug|Win32
		{A036F012-3B43-44A2-8ECE-FB8656CA976A}.CVE-2020-0551-CF-Release|x64.ActiveCfg = Release|x64
		{A036F012-3B43-44A2-8ECE-FB8656CA976A}.CVE-2020-0551-CF-Release|x64.Build.0 = Release|x64
		{A036F012-3B43-44A2-8ECE-FB8656CA976A}.CVE-2020-0551-CF-Release|x86.ActiveCfg = Release|Win32
		{A036F012-3B43-44A2-8ECE-FB8656CA976A}.CVE-2020-0551-CF-Release|x86.Build.0 = Release|Win32
		{A036F012-3B43-44A2-8ECE-FB8656CA976A}.CVE-2020-0551-Load-Prerelease|x64.ActiveCfg = Debug|x64
		{A036F012-3B43-44A2-8ECE-FB8656CA976A}.CVE-2020-0551-Load-Prerelease|x64.Build.0 = Debug|x64
		{A036F012-3B43-44A2-8ECE-FB8656CA976A}.CVE-2020-0551-Load-Prerelease|x86.ActiveCfg = Debug|Win32
		{A036F012-3B43-44A2-8ECE-FB8656CA976A}.CVE-2020-0551-Load-Prerelease|x86.Build.0 = Debug|Win32
		{A036F012-3B43-44A2-8ECE-FB8656CA976A}.CVE-2020-0551-Load-Release|x64.ActiveCfg = Release|x64
		{A036F012-3B43-44A2-8ECE-FB8656CA976A}.CVE-2020-0551-Load-Release|x64.Build.0 = Release|x64
		{A036F012-3B43-44A2-8ECE-FB8656CA976A}.CVE-2020-0551-Load-Release|x86.ActiveCfg = Release|Win32
		{A036F012-3B43-44A2-8ECE-FB8656CA976A}.CVE-2020-0551-Load-Release|x86.Build.0 = Release|Win32
		{A036F012-3B43-44A2-8ECE-FB8656CA976A}.Debug|x64.ActiveCfg = Debug|x64
		{A036F012-3B43-44A2-8ECE-FB8656CA976A}.Debug|x64.Build.0 = Debug|x64
		{A036F012-3B43-44A2-8ECE-FB8656CA976A}.Debug|x86.ActiveCfg = Debug|Win32
		{A036F012-3B43-44A2-8ECE-FB8656CA976A}.Debug|x86.Build.0 = Debug|Win32
		{A036F012-3B43-44A2-8ECE-FB8656CA976A}.Prerelease|x64.ActiveCfg = Prerelease|x64
		{A036F012-3B43-44A2-8ECE-FB8656CA976A}.Prerelease|x64.Build.0 = Prerelease|x64
		{A036F012-3B43-44A2-8ECE-FB8656CA976A}.Prerelease|x86.ActiveCfg = Prerelease|Win32
		{A036F012-3B43-44A2-8ECE-FB8656CA976A}.Prerelease|x86.Build.0 = Prerelease|Win32
		{A036F012-3B43-44A2-8ECE-FB8656CA976A}.Release|x64.ActiveCfg = Release|x64
		{A036F012-3B43-44A2-8ECE-FB8656CA976A}.Release|x64.Build.0 = Release|x64
		{A036F012-3B43-44A2-8ECE-FB8656CA976A}.Release|x86.ActiveCfg = Release|Win32
		{A036F012-3B43-44A2-8ECE-FB8656CA976A}.Release|x86.Build.0 = Release|Win32
		{A036F012-3B43-44A2-8ECE-FB8656CA976A}.Simulation|x64.ActiveCfg = Simulation|x64
		{A036F012-3B43-44A2-8ECE-FB8656CA976A}.Simulation|x64.Build.0 = Simulation|x64
		{A036F012-3B43-44A2-8ECE-FB8656CA976A}.Simulation|x86.ActiveCfg = Simulation|Win32
		{A036F012-3B43-44A2-8ECE-FB8656CA976A}.Simulation|x86.Build.0 = Simulation|Win32
		{7DD0D253-365A-4FED-B38C-E822A939C7D1}.CVE-2020-0551-CF-Prerelease|x64.ActiveCfg = CVE-2020-0551-CF-Prerelease|x64
		{7DD0D253-365A-4FED-B38C-E822A939C7D1}.CVE-2020-0551-CF-Prerelease|x64.Build.0 = CVE-2020-0551-CF-Prerelease|x64
		{7DD0D253-365A-4FED-B38C-E822A939C7D1}.CVE-2020-0551-CF-Prerelease|x86.ActiveCfg = CVE-2020-0551-CF-Prerelease|x64
		{7DD0D253-365A-4FED-B38C-E822A939C7D1}.CVE-2020-0551-CF-Release|x64.ActiveCfg = CVE-2020-0551-CF-Release|x64
		{7DD0D253-365A-4FED-B38C-E822A939C7D1}.CVE-2020-0551-CF-Release|x64.Build.0 = CVE-2020-0551-CF-Release|x64
		{7DD0D253-365A-4FED-B38C-E822A939C7D1}.CVE-2020-0551-CF-Release|x86.ActiveCfg = CVE-2020-0551-CF-Release|x64
		{7DD0D253-365A-4FED-B38C-E822A939C7D1}.CVE-2020-0551-Load-Prerelease|x64.ActiveCfg = CVE-2020-0551-Load-Prerelease|x64
		{7DD0D253-365A-4FED-B38C-E822A939C7D1}.CVE-2020-0551-Load-Prerelease|x64.Build.0 = CVE-2020-0551-Load-Prerelease|x64
		{7DD0D253-365A-4FED-B38C-E822A939C7D1}.CVE-2020-0551-Load-Prerelease|x86.ActiveCfg = CVE-2020-0551-Load-Prerelease|x64
		{7DD0D253-365A-4FED-B38C-E822A939C7D1}.CVE-2020-0551-Load-Release|x64.ActiveCfg = CVE-2020-0551-Load-Release|x64
		{7DD0D253-365A-4FED-B38C-E822A939C7D1}.CVE-2020-0551-Load-Release|x64.Build.0 = CVE-2020-0551-Load-Release|x64
		{7DD0D253-365A-4FED-B38C-E822A939C7D1}.CVE-2020-0551-Load-Release|x86.ActiveCfg = CVE-2020-0551-Load-Release|x64
		{7DD0D253-365A-4FED-B38C-E822A939C7D1}.Debug|x64.ActiveCfg = Debug|x64
		{7DD0D253-365A-4FED-B38C-E822A939C7D1}.Debug|x64.Build.0 = Debug|x64
		{7DD0D253-365A-4FED-B38C-E822A939C7D1}.Debug|x86.ActiveCfg = Debug|Win32
		{7DD0D253-365A-4FED-B38C-E822A939C7D1}.Debug|x86.Build.0 = Debug|Win32
		{7DD0D253-365A-4FED-B38C-E822A939C7D1}.Prerelease|x64.ActiveCfg = Prerelease|x64
		{7DD0D253-365A-4FED-B38C-E822A939C7D1}.Prerelease|x64.Build.0 = Prerelease|x64
		{7DD0D253-365A-4FED-B38C-E822A939C7D1}.Prerelease|x86.ActiveCfg = Prerelease|Win32
		{7DD0D253-365A-4FED-B38C-E822A939C7D1}.Prerelease|x86.Build.0 = Prerelease|Win32
		{7DD0D253-365A-4FED-B38C-E822A939C7D1}.Release|x64.ActiveCfg = Release|x64
		{7DD0D253-365A-4FED-B38C-E822A939C7D1}.Release|x64.Build.0 = Release|x64
		{7DD0D253-365A-4FED-B38C-E822A939C7D1}.Release|x86.ActiveCfg = Release|Win32
		{7DD0D253-365A-4FED-B38C-E822A939C7D1}.Release|x86.Build.0 = Release|Win32
		{7DD0D253-365A-4FED-B38C-E822A939C7D1}.Simulation|x64.ActiveCfg = Simulation|x64
		{7DD0D253-365A-4FED-B38C-E822A939C7D1}.Simulation|x64.Build.0 = Simulation|x64
		{7DD0D253-365A-4FED-B38C-E822A939C7D1}.Simulation|x86.ActiveCfg = Simulation|Win32
		{7DD0D253-365A-4FED-B38C-E822A939C7D1}.Simulation|x86.Build.0 = Simulation|Win32
	EndGlobalSection
	GlobalSection(SolutionProperties) = preSolution
		HideSolutionNode = FALSE
	EndGlobalSection
	GlobalSection(ExtensibilityGlobals) = postSolution
		SolutionGuid = {575EF67B-95ED-4E75-AD1F-4AB84B2E77AF}
	EndGlobalSection
EndGlobal
